
Microsoft Visual Studio Solution File, Format Version 12.00
# Visual Studio 15
VisualStudioVersion = 15.0.28307.757
MinimumVisualStudioVersion = 10.0.40219.1
Project("{FAE04EC0-301F-11D3-BF4B-00C04F79EFBC}") = "PersonaApp", "PersonaApp\PersonaApp.csproj", "{5707499F-7162-4C66-A634-E40A7ADE29FC}"
EndProject
Global
	GlobalSection(SolutionConfigurationPlatforms) = preSolution
		Debug|Any CPU = Debug|Any CPU
		Release|Any CPU = Release|Any CPU
	EndGlobalSection
	GlobalSection(ProjectConfigurationPlatforms) = postSolution
		{5707499F-7162-4C66-A634-E40A7ADE29FC}.Debug|Any CPU.ActiveCfg = Debug|Any CPU
		{5707499F-7162-4C66-A634-E40A7ADE29FC}.Debug|Any CPU.Build.0 = Debug|Any CPU
		{5707499F-7162-4C66-A634-E40A7ADE29FC}.Release|Any CPU.ActiveCfg = Release|Any CPU
		{5707499F-7162-4C66-A634-E40A7ADE29FC}.Release|Any CPU.Build.0 = Release|Any CPU
	EndGlobalSection
	GlobalSection(SolutionProperties) = preSolution
		HideSolutionNode = FALSE
	EndGlobalSection
	GlobalSection(ExtensibilityGlobals) = postSolution
		SolutionGuid = {27EE05F9-7753-438C-A0BE-4522CA4D0E43}
	EndGlobalSection
EndGlobal
